
Microsoft Visual Studio Solution File, Format Version 12.00
# Visual Studio 14
VisualStudioVersion = 14.0.25420.1
MinimumVisualStudioVersion = 10.0.40219.1
Project("{FAE04EC0-301F-11D3-BF4B-00C04F79EFBC}") = "AluraTeste", "AluraTeste\AluraTeste\AluraTeste.csproj", "{7924D6AE-F162-47DF-81CD-7B02CA343404}"
EndProject
Project("{FAE04EC0-301F-11D3-BF4B-00C04F79EFBC}") = "AluraTeste.Droid", "AluraTeste\AluraTeste.Droid\AluraTeste.Droid.csproj", "{004E3F4C-4BED-4D62-87C1-971091117D14}"
EndProject
Project("{FAE04EC0-301F-11D3-BF4B-00C04F79EFBC}") = "AluraTeste.iOS", "AluraTeste\AluraTeste.iOS\AluraTeste.iOS.csproj", "{62D6274C-DE4D-445F-BFBE-DEA110A125F9}"
EndProject
Global
	GlobalSection(SolutionConfigurationPlatforms) = preSolution
		Ad-Hoc|Any CPU = Ad-Hoc|Any CPU
		Ad-Hoc|iPhone = Ad-Hoc|iPhone
		Ad-Hoc|iPhoneSimulator = Ad-Hoc|iPhoneSimulator
		AppStore|Any CPU = AppStore|Any CPU
		AppStore|iPhone = AppStore|iPhone
		AppStore|iPhoneSimulator = AppStore|iPhoneSimulator
		Debug|Any CPU = Debug|Any CPU
		Debug|iPhone = Debug|iPhone
		Debug|iPhoneSimulator = Debug|iPhoneSimulator
		Release|Any CPU = Release|Any CPU
		Release|iPhone = Release|iPhone
		Release|iPhoneSimulator = Release|iPhoneSimulator
	EndGlobalSection
	GlobalSection(ProjectConfigurationPlatforms) = postSolution
		{7924D6AE-F162-47DF-81CD-7B02CA343404}.Ad-Hoc|Any CPU.ActiveCfg = Release|Any CPU
		{7924D6AE-F162-47DF-81CD-7B02CA343404}.Ad-Hoc|Any CPU.Build.0 = Release|Any CPU
		{7924D6AE-F162-47DF-81CD-7B02CA343404}.Ad-Hoc|iPhone.ActiveCfg = Release|Any CPU
		{7924D6AE-F162-47DF-81CD-7B02CA343404}.Ad-Hoc|iPhone.Build.0 = Release|Any CPU
		{7924D6AE-F162-47DF-81CD-7B02CA343404}.Ad-Hoc|iPhoneSimulator.ActiveCfg = Release|Any CPU
		{7924D6AE-F162-47DF-81CD-7B02CA343404}.Ad-Hoc|iPhoneSimulator.Build.0 = Release|Any CPU
		{7924D6AE-F162-47DF-81CD-7B02CA343404}.AppStore|Any CPU.ActiveCfg = Release|Any CPU
		{7924D6AE-F162-47DF-81CD-7B02CA343404}.AppStore|Any CPU.Build.0 = Release|Any CPU
		{7924D6AE-F162-47DF-81CD-7B02CA343404}.AppStore|iPhone.ActiveCfg = Release|Any CPU
		{7924D6AE-F162-47DF-81CD-7B02CA343404}.AppStore|iPhone.Build.0 = Release|Any CPU
		{7924D6AE-F162-47DF-81CD-7B02CA343404}.AppStore|iPhoneSimulator.ActiveCfg = Release|Any CPU
		{7924D6AE-F162-47DF-81CD-7B02CA343404}.AppStore|iPhoneSimulator.Build.0 = Release|Any CPU
		{7924D6AE-F162-47DF-81CD-7B02CA343404}.Debug|Any CPU.ActiveCfg = Debug|Any CPU
		{7924D6AE-F162-47DF-81CD-7B02CA343404}.Debug|Any CPU.Build.0 = Debug|Any CPU
		{7924D6AE-F162-47DF-81CD-7B02CA343404}.Debug|iPhone.ActiveCfg = Debug|Any CPU
		{7924D6AE-F162-47DF-81CD-7B02CA343404}.Debug|iPhone.Build.0 = Debug|Any CPU
		{7924D6AE-F162-47DF-81CD-7B02CA343404}.Debug|iPhoneSimulator.ActiveCfg = Debug|Any CPU
		{7924D6AE-F162-47DF-81CD-7B02CA343404}.Debug|iPhoneSimulator.Build.0 = Debug|Any CPU
		{7924D6AE-F162-47DF-81CD-7B02CA343404}.Release|Any CPU.ActiveCfg = Release|Any CPU
		{7924D6AE-F162-47DF-81CD-7B02CA343404}.Release|Any CPU.Build.0 = Release|Any CPU
		{7924D6AE-F162-47DF-81CD-7B02CA343404}.Release|iPhone.ActiveCfg = Release|Any CPU
		{7924D6AE-F162-47DF-81CD-7B02CA343404}.Release|iPhone.Build.0 = Release|Any CPU
		{7924D6AE-F162-47DF-81CD-7B02CA343404}.Release|iPhoneSimulator.ActiveCfg = Release|Any CPU
		{7924D6AE-F162-47DF-81CD-7B02CA343404}.Release|iPhoneSimulator.Build.0 = Release|Any CPU
		{004E3F4C-4BED-4D62-87C1-971091117D14}.Ad-Hoc|Any CPU.ActiveCfg = Release|Any CPU
		{004E3F4C-4BED-4D62-87C1-971091117D14}.Ad-Hoc|Any CPU.Build.0 = Release|Any CPU
		{004E3F4C-4BED-4D62-87C1-971091117D14}.Ad-Hoc|Any CPU.Deploy.0 = Release|Any CPU
		{004E3F4C-4BED-4D62-87C1-971091117D14}.Ad-Hoc|iPhone.ActiveCfg = Release|Any CPU
		{004E3F4C-4BED-4D62-87C1-971091117D14}.Ad-Hoc|iPhone.Build.0 = Release|Any CPU
		{004E3F4C-4BED-4D62-87C1-971091117D14}.Ad-Hoc|iPhone.Deploy.0 = Release|Any CPU
		{004E3F4C-4BED-4D62-87C1-971091117D14}.Ad-Hoc|iPhoneSimulator.ActiveCfg = Release|Any CPU
		{004E3F4C-4BED-4D62-87C1-971091117D14}.Ad-Hoc|iPhoneSimulator.Build.0 = Release|Any CPU
		{004E3F4C-4BED-4D62-87C1-971091117D14}.Ad-Hoc|iPhoneSimulator.Deploy.0 = Release|Any CPU
		{004E3F4C-4BED-4D62-87C1-971091117D14}.AppStore|Any CPU.ActiveCfg = Release|Any CPU
		{004E3F4C-4BED-4D62-87C1-971091117D14}.AppStore|Any CPU.Build.0 = Release|Any CPU
		{004E3F4C-4BED-4D62-87C1-971091117D14}.AppStore|Any CPU.Deploy.0 = Release|Any CPU
		{004E3F4C-4BED-4D62-87C1-971091117D14}.AppStore|iPhone.ActiveCfg = Release|Any CPU
		{004E3F4C-4BED-4D62-87C1-971091117D14}.AppStore|iPhone.Build.0 = Release|Any CPU
		{004E3F4C-4BED-4D62-87C1-971091117D14}.AppStore|iPhone.Deploy.0 = Release|Any CPU
		{004E3F4C-4BED-4D62-87C1-971091117D14}.AppStore|iPhoneSimulator.ActiveCfg = Release|Any CPU
		{004E3F4C-4BED-4D62-87C1-971091117D14}.AppStore|iPhoneSimulator.Build.0 = Release|Any CPU
		{004E3F4C-4BED-4D62-87C1-971091117D14}.AppStore|iPhoneSimulator.Deploy.0 = Release|Any CPU
		{004E3F4C-4BED-4D62-87C1-971091117D14}.Debug|Any CPU.ActiveCfg = Debug|Any CPU
		{004E3F4C-4BED-4D62-87C1-971091117D14}.Debug|Any CPU.Build.0 = Debug|Any CPU
		{004E3F4C-4BED-4D62-87C1-971091117D14}.Debug|Any CPU.Deploy.0 = Debug|Any CPU
		{004E3F4C-4BED-4D62-87C1-971091117D14}.Debug|iPhone.ActiveCfg = Debug|Any CPU
		{004E3F4C-4BED-4D62-87C1-971091117D14}.Debug|iPhone.Build.0 = Debug|Any CPU
		{004E3F4C-4BED-4D62-87C1-971091117D14}.Debug|iPhone.Deploy.0 = Debug|Any CPU
		{004E3F4C-4BED-4D62-87C1-971091117D14}.Debug|iPhoneSimulator.ActiveCfg = Debug|Any CPU
		{004E3F4C-4BED-4D62-87C1-971091117D14}.Debug|iPhoneSimulator.Build.0 = Debug|Any CPU
		{004E3F4C-4BED-4D62-87C1-971091117D14}.Debug|iPhoneSimulator.Deploy.0 = Debug|Any CPU
		{004E3F4C-4BED-4D62-87C1-971091117D14}.Release|Any CPU.ActiveCfg = Release|Any CPU
		{004E3F4C-4BED-4D62-87C1-971091117D14}.Release|Any CPU.Build.0 = Release|Any CPU
		{004E3F4C-4BED-4D62-87C1-971091117D14}.Release|Any CPU.Deploy.0 = Release|Any CPU
		{004E3F4C-4BED-4D62-87C1-971091117D14}.Release|iPhone.ActiveCfg = Release|Any CPU
		{004E3F4C-4BED-4D62-87C1-971091117D14}.Release|iPhone.Build.0 = Release|Any CPU
		{004E3F4C-4BED-4D62-87C1-971091117D14}.Release|iPhone.Deploy.0 = Release|Any CPU
		{004E3F4C-4BED-4D62-87C1-971091117D14}.Release|iPhoneSimulator.ActiveCfg = Release|Any CPU
		{004E3F4C-4BED-4D62-87C1-971091117D14}.Release|iPhoneSimulator.Build.0 = Release|Any CPU
		{004E3F4C-4BED-4D62-87C1-971091117D14}.Release|iPhoneSimulator.Deploy.0 = Release|Any CPU
		{62D6274C-DE4D-445F-BFBE-DEA110A125F9}.Ad-Hoc|Any CPU.ActiveCfg = Ad-Hoc|iPhone
		{62D6274C-DE4D-445F-BFBE-DEA110A125F9}.Ad-Hoc|iPhone.ActiveCfg = Ad-Hoc|iPhone
		{62D6274C-DE4D-445F-BFBE-DEA110A125F9}.Ad-Hoc|iPhone.Build.0 = Ad-Hoc|iPhone
		{62D6274C-DE4D-445F-BFBE-DEA110A125F9}.Ad-Hoc|iPhoneSimulator.ActiveCfg = Ad-Hoc|iPhoneSimulator
		{62D6274C-DE4D-445F-BFBE-DEA110A125F9}.Ad-Hoc|iPhoneSimulator.Build.0 = Ad-Hoc|iPhoneSimulator
		{62D6274C-DE4D-445F-BFBE-DEA110A125F9}.AppStore|Any CPU.ActiveCfg = AppStore|iPhone
		{62D6274C-DE4D-445F-BFBE-DEA110A125F9}.AppStore|iPhone.ActiveCfg = AppStore|iPhone
		{62D6274C-DE4D-445F-BFBE-DEA110A125F9}.AppStore|iPhone.Build.0 = AppStore|iPhone
		{62D6274C-DE4D-445F-BFBE-DEA110A125F9}.AppStore|iPhoneSimulator.ActiveCfg = AppStore|iPhoneSimulator
		{62D6274C-DE4D-445F-BFBE-DEA110A125F9}.AppStore|iPhoneSimulator.Build.0 = AppStore|iPhoneSimulator
		{62D6274C-DE4D-445F-BFBE-DEA110A125F9}.Debug|Any CPU.ActiveCfg = Debug|iPhone
		{62D6274C-DE4D-445F-BFBE-DEA110A125F9}.Debug|iPhone.ActiveCfg = Debug|iPhone
		{62D6274C-DE4D-445F-BFBE-DEA110A125F9}.Debug|iPhone.Build.0 = Debug|iPhone
		{62D6274C-DE4D-445F-BFBE-DEA110A125F9}.Debug|iPhoneSimulator.ActiveCfg = Debug|iPhoneSimulator
		{62D6274C-DE4D-445F-BFBE-DEA110A125F9}.Debug|iPhoneSimulator.Build.0 = Debug|iPhoneSimulator
		{62D6274C-DE4D-445F-BFBE-DEA110A125F9}.Release|Any CPU.ActiveCfg = Release|iPhone
		{62D6274C-DE4D-445F-BFBE-DEA110A125F9}.Release|iPhone.ActiveCfg = Release|iPhone
		{62D6274C-DE4D-445F-BFBE-DEA110A125F9}.Release|iPhone.Build.0 = Release|iPhone
		{62D6274C-DE4D-445F-BFBE-DEA110A125F9}.Release|iPhoneSimulator.ActiveCfg = Release|iPhoneSimulator
		{62D6274C-DE4D-445F-BFBE-DEA110A125F9}.Release|iPhoneSimulator.Build.0 = Release|iPhoneSimulator
	EndGlobalSection
	GlobalSection(SolutionProperties) = preSolution
		HideSolutionNode = FALSE
	EndGlobalSection
EndGlobal
